lockfileVersion: '9.0'

settings:
  autoInstallPeers: true
  excludeLinksFromLockfile: false

importers:

  .:
    devDependencies:
      '@biomejs/biome':
        specifier: ^1.9.4
        version: 1.9.4
      '@playwright/test':
        specifier: ^1.58.1
        version: 1.58.1
      '@rsbuild/core':
        specifier: ^1.7.2
        version: 1.7.2
      '@rslib/core':
        specifier: ^0.19.4
        version: 0.19.4(typescript@5.9.3)
      '@types/node':
        specifier: ^24.10.9
        version: 24.10.9
      nano-staged:
        specifier: ^0.9.0
        version: 0.9.0
      playwright:
        specifier: ^1.58.1
        version: 1.58.1
      prebundle:
        specifier: ^1.6.2
        version: 1.6.2(typescript@5.9.3)
      simple-git-hooks:
        specifier: ^2.13.1
        version: 2.13.1
      typescript:
        specifier: ^5.9.3
        version: 5.9.3
      yaml-loader:
        specifier: ^0.9.0
        version: 0.9.0

packages:

  '@ast-grep/napi-darwin-arm64@0.37.0':
    resolution: {integrity: sha512-QAiIiaAbLvMEg/yBbyKn+p1gX2/FuaC0SMf7D7capm/oG4xGMzdeaQIcSosF4TCxxV+hIH4Bz9e4/u7w6Bnk3Q==}
    engines: {node: '>= 10'}
    cpu: [arm64]
    os: [darwin]

  '@ast-grep/napi-darwin-x64@0.37.0':
    resolution: {integrity: sha512-zvcvdgekd4ySV3zUbUp8HF5nk5zqwiMXTuVzTUdl/w08O7JjM6XPOIVT+d2o/MqwM9rsXdzdergY5oY2RdhSPA==}
    engines: {node: '>= 10'}
    cpu: [x64]
    os: [darwin]

  '@ast-grep/napi-linux-arm64-gnu@0.37.0':
    resolution: {integrity: sha512-L7Sj0lXy8X+BqSMgr1LB8cCoWk0rericdeu+dC8/c8zpsav5Oo2IQKY1PmiZ7H8IHoFBbURLf8iklY9wsD+cyA==}
    engines: {node: '>= 10'}
    cpu: [arm64]
    os: [linux]
    libc: [glibc]

  '@ast-grep/napi-linux-arm64-musl@0.37.0':
    resolution: {integrity: sha512-LF9sAvYy6es/OdyJDO3RwkX3I82Vkfsng1sqUBcoWC1jVb1wX5YVzHtpQox9JrEhGl+bNp7FYxB4Qba9OdA5GA==}
    engines: {node: '>= 10'}
    cpu: [arm64]
    os: [linux]
    libc: [musl]

  '@ast-grep/napi-linux-x64-gnu@0.37.0':
    resolution: {integrity: sha512-TViz5/klqre6aSmJzswEIjApnGjJzstG/SE8VDWsrftMBMYt2PTu3MeluZVwzSqDao8doT/P+6U11dU05UOgxw==}
    engines: {node: '>= 10'}
    cpu: [x64]
    os: [linux]
    libc: [glibc]

  '@ast-grep/napi-linux-x64-musl@0.37.0':
    resolution: {integrity: sha512-/BcCH33S9E3ovOAEoxYngUNXgb+JLg991sdyiNP2bSoYd30a9RHrG7CYwW6fMgua3ijQ474eV6cq9yZO1bCpXg==}
    engines: {node: '>= 10'}
    cpu: [x64]
    os: [linux]
    libc: [musl]

  '@ast-grep/napi-win32-arm64-msvc@0.37.0':
    resolution: {integrity: sha512-TjQA4cFoIEW2bgjLkaL9yqT4XWuuLa5MCNd0VCDhGRDMNQ9+rhwi9eLOWRaap3xzT7g+nlbcEHL3AkVCD2+b3A==}
    engines: {node: '>= 10'}
    cpu: [arm64]
    os: [win32]

  '@ast-grep/napi-win32-ia32-msvc@0.37.0':
    resolution: {integrity: sha512-uNmVka8fJCdYsyOlF9aZqQMLTatEYBynjChVTzUfFMDfmZ0bihs/YTqJVbkSm8TZM7CUX82apvn50z/dX5iWRA==}
    engines: {node: '>= 10'}
    cpu: [ia32]
    os: [win32]

  '@ast-grep/napi-win32-x64-msvc@0.37.0':
    resolution: {integrity: sha512-vCiFOT3hSCQuHHfZ933GAwnPzmL0G04JxQEsBRfqONywyT8bSdDc/ECpAfr3S9VcS4JZ9/F6tkePKW/Om2Dq2g==}
    engines: {node: '>= 10'}
    cpu: [x64]
    os: [win32]

  '@ast-grep/napi@0.37.0':
    resolution: {integrity: sha512-Hb4o6h1Pf6yRUAX07DR4JVY7dmQw+RVQMW5/m55GoiAT/VRoKCWBtIUPPOnqDVhbx1Cjfil9b6EDrgJsUAujEQ==}
    engines: {node: '>= 10'}

  '@babel/code-frame@7.27.1':
    resolution: {integrity: sha512-cjQ7ZlQ0Mv3b47hABuTevyTuYN4i+loJKGeV9flcCgIK37cCXRh+L1bd3iBHlynerhQ7BhCkn2BPbQUL+rGqFg==}
    engines: {node: '>=6.9.0'}

  '@babel/helper-validator-identifier@7.27.1':
    resolution: {integrity: sha512-D2hP9eA+Sqx1kBZgzxZh0y1trbuU+JoDkiEwqhQ36nodYqJwyEIhPSdMNd7lOm/4io72luTPWH20Yda0xOuUow==}
    engines: {node: '>=6.9.0'}

  '@biomejs/biome@1.9.4':
    resolution: {integrity: sha512-1rkd7G70+o9KkTn5KLmDYXihGoTaIGO9PIIN2ZB7UJxFrWw04CZHPYiMRjYsaDvVV7hP1dYNRLxSANLaBFGpog==}
    engines: {node: '>=14.21.3'}
    hasBin: true

  '@biomejs/cli-darwin-arm64@1.9.4':
    resolution: {integrity: sha512-bFBsPWrNvkdKrNCYeAp+xo2HecOGPAy9WyNyB/jKnnedgzl4W4Hb9ZMzYNbf8dMCGmUdSavlYHiR01QaYR58cw==}
    engines: {node: '>=14.21.3'}
    cpu: [arm64]
    os: [darwin]

  '@biomejs/cli-darwin-x64@1.9.4':
    resolution: {integrity: sha512-ngYBh/+bEedqkSevPVhLP4QfVPCpb+4BBe2p7Xs32dBgs7rh9nY2AIYUL6BgLw1JVXV8GlpKmb/hNiuIxfPfZg==}
    engines: {node: '>=14.21.3'}
    cpu: [x64]
    os: [darwin]

  '@biomejs/cli-linux-arm64-musl@1.9.4':
    resolution: {integrity: sha512-v665Ct9WCRjGa8+kTr0CzApU0+XXtRgwmzIf1SeKSGAv+2scAlW6JR5PMFo6FzqqZ64Po79cKODKf3/AAmECqA==}
    engines: {node: '>=14.21.3'}
    cpu: [arm64]
    os: [linux]
    libc: [musl]

  '@biomejs/cli-linux-arm64@1.9.4':
    resolution: {integrity: sha512-fJIW0+LYujdjUgJJuwesP4EjIBl/N/TcOX3IvIHJQNsAqvV2CHIogsmA94BPG6jZATS4Hi+xv4SkBBQSt1N4/g==}
    engines: {node: '>=14.21.3'}
    cpu: [arm64]
    os: [linux]
    libc: [glibc]

  '@biomejs/cli-linux-x64-musl@1.9.4':
    resolution: {integrity: sha512-gEhi/jSBhZ2m6wjV530Yy8+fNqG8PAinM3oV7CyO+6c3CEh16Eizm21uHVsyVBEB6RIM8JHIl6AGYCv6Q6Q9Tg==}
    engines: {node: '>=14.21.3'}
    cpu: [x64]
    os: [linux]
    libc: [musl]

  '@biomejs/cli-linux-x64@1.9.4':
    resolution: {integrity: sha512-lRCJv/Vi3Vlwmbd6K+oQ0KhLHMAysN8lXoCI7XeHlxaajk06u7G+UsFSO01NAs5iYuWKmVZjmiOzJ0OJmGsMwg==}
    engines: {node: '>=14.21.3'}
    cpu: [x64]
    os: [linux]
    libc: [glibc]

  '@biomejs/cli-win32-arm64@1.9.4':
    resolution: {integrity: sha512-tlbhLk+WXZmgwoIKwHIHEBZUwxml7bRJgk0X2sPyNR3S93cdRq6XulAZRQJ17FYGGzWne0fgrXBKpl7l4M87Hg==}
    engines: {node: '>=14.21.3'}
    cpu: [arm64]
    os: [win32]

  '@biomejs/cli-win32-x64@1.9.4':
    resolution: {integrity: sha512-8Y5wMhVIPaWe6jw2H+KlEm4wP/f7EW3810ZLmDlrEEy5KvBsb9ECEfu/kMWD484ijfQ8+nIi0giMgu9g1UAuuA==}
    engines: {node: '>=14.21.3'}
    cpu: [x64]
    os: [win32]

  '@emnapi/core@1.5.0':
    resolution: {integrity: sha512-sbP8GzB1WDzacS8fgNPpHlp6C9VZe+SJP3F90W9rLemaQj2PzIuTEl1qDOYQf58YIpyjViI24y9aPWCjEzY2cg==}

  '@emnapi/runtime@1.5.0':
    resolution: {integrity: sha512-97/BJ3iXHww3djw6hYIfErCZFee7qCtrneuLa20UXFCOTCfBM2cvQHjWJ2EG0s0MtdNwInarqCTz35i4wWXHsQ==}

  '@emnapi/wasi-threads@1.1.0':
    resolution: {integrity: sha512-WI0DdZ8xFSbgMjR1sFsKABJ/C5OnRrjT06JXbZKexJGrDuPTzZdDYfFlsgcCXCyf+suG5QU2e/y1Wo2V/OapLQ==}

  '@jridgewell/gen-mapping@0.3.5':
    resolution: {integrity: sha512-IzL8ZoEDIBRWEzlCcRhOaCupYyN5gdIK+Q6fbFdPDg6HqX6jpkItn7DFIpW9LQzXG6Df9sA7+OKnq0qlz/GaQg==}
    engines: {node: '>=6.0.0'}

  '@jridgewell/resolve-uri@3.1.2':
    resolution: {integrity: sha512-bRISgCIjP20/tbWSPWMEi54QVPRZExkuD9lJL+UIxUKtwVJA8wW1Trb1jMs1RFXo1CBTNZ/5hpC9QvmKWdopKw==}
    engines: {node: '>=6.0.0'}

  '@jridgewell/set-array@1.2.1':
    resolution: {integrity: sha512-R8gLRTZeyp03ymzP/6Lil/28tGeGEzhx1q2k703KGWRAI1VdvPIXdG70VJc2pAMw3NA6JKL5hhFu1sJX0Mnn/A==}
    engines: {node: '>=6.0.0'}

  '@jridgewell/source-map@0.3.6':
    resolution: {integrity: sha512-1ZJTZebgqllO79ue2bm3rIGud/bOe0pP5BjSRCRxxYkEZS8STV7zN84UBbiYu7jy+eCKSnVIUgoWWE/tt+shMQ==}

  '@jridgewell/sourcemap-codec@1.5.0':
    resolution: {integrity: sha512-gv3ZRaISU3fjPAgNsriBRqGWQL6quFx04YMPW/zD8XMLsU32mhCCbfbO6KZFLjvYpCZ8zyDEgqsgf+PwPaM7GQ==}

  '@jridgewell/sourcemap-codec@1.5.5':
    resolution: {integrity: sha512-cYQ9310grqxueWbl+WuIUIaiUaDcj7WOq5fVhEljNVgRfOUhY9fy2zTvfoqWsnebh8Sl70VScFbICvJnLKB0Og==}

  '@jridgewell/trace-mapping@0.3.25':
    resolution: {integrity: sha512-vNk6aEwybGtawWmy/PzwnGDOjCkLWSD2wqvjGGAgOAwCGWySYXfYoxt00IJkTF+8Lb57DwOb3Aa0o9CApepiYQ==}

  '@module-federation/error-codes@0.22.0':
    resolution: {integrity: sha512-xF9SjnEy7vTdx+xekjPCV5cIHOGCkdn3pIxo9vU7gEZMIw0SvAEdsy6Uh17xaCpm8V0FWvR0SZoK9Ik6jGOaug==}

  '@module-federation/runtime-core@0.22.0':
    resolution: {integrity: sha512-GR1TcD6/s7zqItfhC87zAp30PqzvceoeDGYTgF3Vx2TXvsfDrhP6Qw9T4vudDQL3uJRne6t7CzdT29YyVxlgIA==}

  '@module-federation/runtime-tools@0.22.0':
    resolution: {integrity: sha512-4ScUJ/aUfEernb+4PbLdhM/c60VHl698Gn1gY21m9vyC1Ucn69fPCA1y2EwcCB7IItseRMoNhdcWQnzt/OPCNA==}

  '@module-federation/runtime@0.22.0':
    resolution: {integrity: sha512-38g5iPju2tPC3KHMPxRKmy4k4onNp6ypFPS1eKGsNLUkXgHsPMBFqAjDw96iEcjri91BrahG4XcdyKi97xZzlA==}

  '@module-federation/sdk@0.22.0':
    resolution: {integrity: sha512-x4aFNBKn2KVQRuNVC5A7SnrSCSqyfIWmm1DvubjbO9iKFe7ith5niw8dqSFBekYBg2Fwy+eMg4sEFNVvCAdo6g==}

  '@module-federation/webpack-bundler-runtime@0.22.0':
    resolution: {integrity: sha512-aM8gCqXu+/4wBmJtVeMeeMN5guw3chf+2i6HajKtQv7SJfxV/f4IyNQJUeUQu9HfiAZHjqtMV5Lvq/Lvh8LdyA==}

  '@napi-rs/wasm-runtime@1.0.7':
    resolution: {integrity: sha512-SeDnOO0Tk7Okiq6DbXmmBODgOAb9dp9gjlphokTUxmt8U3liIP1ZsozBahH69j/RJv+Rfs6IwUKHTgQYJ/HBAw==}

  '@playwright/test@1.58.1':
    resolution: {integrity: sha512-6LdVIUERWxQMmUSSQi0I53GgCBYgM2RpGngCPY7hSeju+VrKjq3lvs7HpJoPbDiY5QM5EYRtRX5fvrinnMAz3w==}
    engines: {node: '>=18'}
    hasBin: true

  '@rollup/rollup-android-arm-eabi@4.53.3':
    resolution: {integrity: sha512-mRSi+4cBjrRLoaal2PnqH82Wqyb+d3HsPUN/W+WslCXsZsyHa9ZeQQX/pQsZaVIWDkPcpV6jJ+3KLbTbgnwv8w==}
    cpu: [arm]
    os: [android]

  '@rollup/rollup-android-arm64@4.53.3':
    resolution: {integrity: sha512-CbDGaMpdE9sh7sCmTrTUyllhrg65t6SwhjlMJsLr+J8YjFuPmCEjbBSx4Z/e4SmDyH3aB5hGaJUP2ltV/vcs4w==}
    cpu: [arm64]
    os: [android]

  '@rollup/rollup-darwin-arm64@4.53.3':
    resolution: {integrity: sha512-Nr7SlQeqIBpOV6BHHGZgYBuSdanCXuw09hon14MGOLGmXAFYjx1wNvquVPmpZnl0tLjg25dEdr4IQ6GgyToCUA==}
    cpu: [arm64]
    os: [darwin]

  '@rollup/rollup-darwin-x64@4.53.3':
    resolution: {integrity: sha512-DZ8N4CSNfl965CmPktJ8oBnfYr3F8dTTNBQkRlffnUarJ2ohudQD17sZBa097J8xhQ26AwhHJ5mvUyQW8ddTsQ==}
    cpu: [x64]
    os: [darwin]

  '@rollup/rollup-freebsd-arm64@4.53.3':
    resolution: {integrity: sha512-yMTrCrK92aGyi7GuDNtGn2sNW+Gdb4vErx4t3Gv/Tr+1zRb8ax4z8GWVRfr3Jw8zJWvpGHNpss3vVlbF58DZ4w==}
    cpu: [arm64]
    os: [freebsd]

  '@rollup/rollup-freebsd-x64@4.53.3':
    resolution: {integrity: sha512-lMfF8X7QhdQzseM6XaX0vbno2m3hlyZFhwcndRMw8fbAGUGL3WFMBdK0hbUBIUYcEcMhVLr1SIamDeuLBnXS+Q==}
    cpu: [x64]
    os: [freebsd]

  '@rollup/rollup-linux-arm-gnueabihf@4.53.3':
    resolution: {integrity: sha512-k9oD15soC/Ln6d2Wv/JOFPzZXIAIFLp6B+i14KhxAfnq76ajt0EhYc5YPeX6W1xJkAdItcVT+JhKl1QZh44/qw==}
    cpu: [arm]
    os: [linux]
    libc: [glibc]

  '@rollup/rollup-linux-arm-musleabihf@4.53.3':
    resolution: {integrity: sha512-vTNlKq+N6CK/8UktsrFuc+/7NlEYVxgaEgRXVUVK258Z5ymho29skzW1sutgYjqNnquGwVUObAaxae8rZ6YMhg==}
    cpu: [arm]
    os: [linux]
    libc: [musl]

  '@rollup/rollup-linux-arm64-gnu@4.53.3':
    resolution: {integrity: sha512-RGrFLWgMhSxRs/EWJMIFM1O5Mzuz3Xy3/mnxJp/5cVhZ2XoCAxJnmNsEyeMJtpK+wu0FJFWz+QF4mjCA7AUQ3w==}
    cpu: [arm64]
    os: [linux]
    libc: [glibc]

  '@rollup/rollup-linux-arm64-musl@4.53.3':
    resolution: {integrity: sha512-kASyvfBEWYPEwe0Qv4nfu6pNkITLTb32p4yTgzFCocHnJLAHs+9LjUu9ONIhvfT/5lv4YS5muBHyuV84epBo/A==}
    cpu: [arm64]
    os: [linux]
    libc: [musl]

  '@rollup/rollup-linux-loong64-gnu@4.53.3':
    resolution: {integrity: sha512-JiuKcp2teLJwQ7vkJ95EwESWkNRFJD7TQgYmCnrPtlu50b4XvT5MOmurWNrCj3IFdyjBQ5p9vnrX4JM6I8OE7g==}
    cpu: [loong64]
    os: [linux]
    libc: [glibc]

  '@rollup/rollup-linux-ppc64-gnu@4.53.3':
    resolution: {integrity: sha512-EoGSa8nd6d3T7zLuqdojxC20oBfNT8nexBbB/rkxgKj5T5vhpAQKKnD+h3UkoMuTyXkP5jTjK/ccNRmQrPNDuw==}
    cpu: [ppc64]
    os: [linux]
    libc: [glibc]

  '@rollup/rollup-linux-riscv64-gnu@4.53.3':
    resolution: {integrity: sha512-4s+Wped2IHXHPnAEbIB0YWBv7SDohqxobiiPA1FIWZpX+w9o2i4LezzH/NkFUl8LRci/8udci6cLq+jJQlh+0g==}
    cpu: [riscv64]
    os: [linux]
    libc: [glibc]

  '@rollup/rollup-linux-riscv64-musl@4.53.3':
    resolution: {integrity: sha512-68k2g7+0vs2u9CxDt5ktXTngsxOQkSEV/xBbwlqYcUrAVh6P9EgMZvFsnHy4SEiUl46Xf0IObWVbMvPrr2gw8A==}
    cpu: [riscv64]
    os: [linux]
    libc: [musl]

  '@rollup/rollup-linux-s390x-gnu@4.53.3':
    resolution: {integrity: sha512-VYsFMpULAz87ZW6BVYw3I6sWesGpsP9OPcyKe8ofdg9LHxSbRMd7zrVrr5xi/3kMZtpWL/wC+UIJWJYVX5uTKg==}
    cpu: [s390x]
    os: [linux]
    libc: [glibc]

  '@rollup/rollup-linux-x64-gnu@4.53.3':
    resolution: {integrity: sha512-3EhFi1FU6YL8HTUJZ51imGJWEX//ajQPfqWLI3BQq4TlvHy4X0MOr5q3D2Zof/ka0d5FNdPwZXm3Yyib/UEd+w==}
    cpu: [x64]
    os: [linux]
    libc: [glibc]

  '@rollup/rollup-linux-x64-musl@4.53.3':
    resolution: {integrity: sha512-eoROhjcc6HbZCJr+tvVT8X4fW3/5g/WkGvvmwz/88sDtSJzO7r/blvoBDgISDiCjDRZmHpwud7h+6Q9JxFwq1Q==}
    cpu: [x64]
    os: [linux]
    libc: [musl]

  '@rollup/rollup-openharmony-arm64@4.53.3':
    resolution: {integrity: sha512-OueLAWgrNSPGAdUdIjSWXw+u/02BRTcnfw9PN41D2vq/JSEPnJnVuBgw18VkN8wcd4fjUs+jFHVM4t9+kBSNLw==}
    cpu: [arm64]
    os: [openharmony]

  '@rollup/rollup-win32-arm64-msvc@4.53.3':
    resolution: {integrity: sha512-GOFuKpsxR/whszbF/bzydebLiXIHSgsEUp6M0JI8dWvi+fFa1TD6YQa4aSZHtpmh2/uAlj/Dy+nmby3TJ3pkTw==}
    cpu: [arm64]
    os: [win32]

  '@rollup/rollup-win32-ia32-msvc@4.53.3':
    resolution: {integrity: sha512-iah+THLcBJdpfZ1TstDFbKNznlzoxa8fmnFYK4V67HvmuNYkVdAywJSoteUszvBQ9/HqN2+9AZghbajMsFT+oA==}
    cpu: [ia32]
    os: [win32]

  '@rollup/rollup-win32-x64-gnu@4.53.3':
    resolution: {integrity: sha512-J9QDiOIZlZLdcot5NXEepDkstocktoVjkaKUtqzgzpt2yWjGlbYiKyp05rWwk4nypbYUNoFAztEgixoLaSETkg==}
    cpu: [x64]
    os: [win32]

  '@rollup/rollup-win32-x64-msvc@4.53.3':
    resolution: {integrity: sha512-UhTd8u31dXadv0MopwGgNOBpUVROFKWVQgAg5N1ESyCz8AuBcMqm4AuTjrwgQKGDfoFuz02EuMRHQIw/frmYKQ==}
    cpu: [x64]
    os: [win32]

  '@rsbuild/core@1.7.2':
    resolution: {integrity: sha512-VAFO6cM+cyg2ntxNW6g3tB2Jc5J5mpLjLluvm7VtW2uceNzyUlVv41o66Yp1t1ikxd3ljtqegViXem62JqzveA==}
    engines: {node: '>=18.12.0'}
    hasBin: true

  '@rslib/core@0.19.4':
    resolution: {integrity: sha512-qFJKXxFGf582uNWyD+2cxKVoorsDepWn7M0VXZX8BLzaEXVBzQmQ0i9UojWicmJr3ui9nkI7WRh66FQzoyWREg==}
    engines: {node: '>=18.12.0'}
    hasBin: true
    peerDependencies:
      '@microsoft/api-extractor': ^7
      typescript: ^5
    peerDependenciesMeta:
      '@microsoft/api-extractor':
        optional: true
      typescript:
        optional: true

  '@rspack/binding-darwin-arm64@1.7.4':
    resolution: {integrity: sha512-d4FTW/TkqvU9R1PsaK2tbLG1uY0gAlxy3rEiQYrFRAOVTMOFkPasypmvhwD5iWrPIhkjIi79IkgrSzRJaP2ZwA==}
    cpu: [arm64]
    os: [darwin]

  '@rspack/binding-darwin-x64@1.7.4':
    resolution: {integrity: sha512-Oq65S5szs3+In9hVWfPksdL6EUu1+SFZK3oQINP3kMJ5zPzrdyiue+L5ClpTU/VMKVxfQTdCBsI6OVJNnaLBiA==}
    cpu: [x64]
    os: [darwin]

  '@rspack/binding-linux-arm64-gnu@1.7.4':
    resolution: {integrity: sha512-sTpfCraAtYZBhdw9Xx5a19OgJ/mBELTi61utZzrO3bV6BFEulvOdmnNjpgb0xv1KATtNI8YxECohUzekk1WsOA==}
    cpu: [arm64]
    os: [linux]
    libc: [glibc]

  '@rspack/binding-linux-arm64-musl@1.7.4':
    resolution: {integrity: sha512-sw8jZbUe13Ry0/tnUt1pSdwkaPtSzKuveq+b6/CUT26I3DKfJQoG0uJbjj2quMe4ks3jDmoGlxuRe4D/fWUoSg==}
    cpu: [arm64]
    os: [linux]
    libc: [musl]

  '@rspack/binding-linux-x64-gnu@1.7.4':
    resolution: {integrity: sha512-1W6LU0wR/TxB+8pogt0pn0WRwbQmKfu9839p/VBuSkNdWR4aljAhYO6RxsLQLCLrDAqEyrpeYWsWJBvAJ4T/pA==}
    cpu: [x64]
    os: [linux]
    libc: [glibc]

  '@rspack/binding-linux-x64-musl@1.7.4':
    resolution: {integrity: sha512-rkmu8qLnm/q8J14ZQZ04SnPNzdRNgzAoKJCTbnhCzcuL5k5e20LUFfGuS6j7Io1/UdVMOjz/u7R6b9h/qA1Scw==}
    cpu: [x64]
    os: [linux]
    libc: [musl]

  '@rspack/binding-wasm32-wasi@1.7.4':
    resolution: {integrity: sha512-6BQvLbDtUVkTN5o1QYLYKAYuXavC4ER5Vn/amJEoecbM9F25MNAv28inrXs7BQ4cHSU4WW/F4yZPGnA+jUZLyw==}
    cpu: [wasm32]

  '@rspack/binding-win32-arm64-msvc@1.7.4':
    resolution: {integrity: sha512-kipggu7xVPhnAkAV7koSDVbBuuMDMA4hX60DNJKTS6fId3XNHcZqWKIsWGOt0yQ6KV7I3JRRBDotKLx6uYaRWw==}
    cpu: [arm64]
    os: [win32]

  '@rspack/binding-win32-ia32-msvc@1.7.4':
    resolution: {integrity: sha512-9Zdozc13AUQHqagDDHxHml1FnZZWuSj/uP+SxtlTlQaiIE9GDH3n0cUio1GUq+cBKbcXeiE3dJMGJxhiFaUsxA==}
    cpu: [ia32]
    os: [win32]

  '@rspack/binding-win32-x64-msvc@1.7.4':
    resolution: {integrity: sha512-3a/jZTUrvU340IuRcxul+ccsDtdrMaGq/vi4HNcWalL0H2xeOeuieBAV8AZqaRjmxMu8OyRcpcSrkHtN1ol/eA==}
    cpu: [x64]
    os: [win32]

  '@rspack/binding@1.7.4':
    resolution: {integrity: sha512-BOACDXd9aTrdJgqa88KGxnTGdUdVLAClTCLhSvdNvQZIcaVLOB1qtW0TvqjZ19MxuQB/Cba5u/ILc5DNXxuDhg==}

  '@rspack/core@1.7.4':
    resolution: {integrity: sha512-6QNqcsRSy1WbAGvjA2DAEx4yyAzwrvT6vd24Kv4xdZHdvF6FmcUbr5J+mLJ1jSOXvpNhZ+RzN37JQ8fSmytEtw==}
    engines: {node: '>=18.12.0'}
    peerDependencies:
      '@swc/helpers': '>=0.5.1'
    peerDependenciesMeta:
      '@swc/helpers':
        optional: true

  '@rspack/lite-tapable@1.1.0':
    resolution: {integrity: sha512-E2B0JhYFmVAwdDiG14+DW0Di4Ze4Jg10Pc4/lILUrd5DRCaklduz2OvJ5HYQ6G+hd+WTzqQb3QnDNfK4yvAFYw==}

  '@swc/helpers@0.5.18':
    resolution: {integrity: sha512-TXTnIcNJQEKwThMMqBXsZ4VGAza6bvN4pa41Rkqoio6QBKMvo+5lexeTMScGCIxtzgQJzElcvIltani+adC5PQ==}

  '@tybys/wasm-util@0.10.1':
    resolution: {integrity: sha512-9tTaPJLSiejZKx+Bmog4uSubteqTvFrVrURwkmHixBo0G4seD0zUxp98E1DzUBJxLQ3NPwXrGKDiVjwx/DpPsg==}

  '@types/estree@1.0.8':
    resolution: {integrity: sha512-dWHzHa2WqEXI/O1E9OjrocMTKJl2mSrEolh1Iomrv6U+JuNwaHXsXx9bLu5gG7BUWFIN0skIQJQ/L1rIex4X6w==}

  '@types/node@24.10.9':
    resolution: {integrity: sha512-ne4A0IpG3+2ETuREInjPNhUGis1SFjv1d5asp8MzEAGtOZeTeHVDOYqOgqfhvseqg/iXty2hjBf1zAOb7RNiNw==}

  '@vercel/ncc@0.38.4':
    resolution: {integrity: sha512-8LwjnlP39s08C08J5NstzriPvW1SP8Zfpp1BvC2sI35kPeZnHfxVkCwu4/+Wodgnd60UtT1n8K8zw+Mp7J9JmQ==}
    hasBin: true

  acorn@8.15.0:
    resolution: {integrity: sha512-NZyJarBfL7nWwIq+FDL6Zp/yHEhePMNnnJ0y3qfieCrmNvYct8uvtiV41UvlSe6apAfk0fY1FbWx+NwfmpvtTg==}
    engines: {node: '>=0.4.0'}
    hasBin: true

  buffer-from@1.1.2:
    resolution: {integrity: sha512-E+XQCRwSbaaiChtv6k6Dwgc+bx+Bs6vuKJHHl5kox/BaKbhiXzqQOwK4cO22yElGp2OCmjwVhT3HmxgyPGnJfQ==}

  cac@6.7.14:
    resolution: {integrity: sha512-b6Ilus+c3RrdDk+JhLKUAQfzzgLEPy6wcXqS7f/xe1EETvsDP6GORG7SFuOs6cID5YkqchW/LXZbX5bc8j7ZcQ==}
    engines: {node: '>=8'}

  commander@2.20.3:
    resolution: {integrity: sha512-GpVkmM8vF2vQUkj2LvZmD35JxeJOLCwJ9cUkugyk2nuhbv3+mJvpLYYt+0+USMxE+oj+ey/lJEnhZw75x/OMcQ==}

  core-js@3.47.0:
    resolution: {integrity: sha512-c3Q2VVkGAUyupsjRnaNX6u8Dq2vAdzm9iuPj5FW0fRxzlxgq9Q39MDq10IvmQSpLgHQNyQzQmOo6bgGHmH3NNg==}

  fsevents@2.3.2:
    resolution: {integrity: sha512-xiqMQR4xAeHTuB9uWm+fFRcIOgKBMiOBP+eXiyT7jsgVCq1bkVygt00oASowB7EdtpOHaaPgKt812P9ab+DDKA==}
    engines: {node: ^8.16.0 || ^10.6.0 || >=11.0.0}
    os: [darwin]

  fsevents@2.3.3:
    resolution: {integrity: sha512-5xoDfX+fL7faATnagmWPpbFtwh/R77WmMMqqHGS65C3vvB0YHrgF+B1YmZ3441tMj5n63k0212XNoJwzlhffQw==}
    engines: {node: ^8.16.0 || ^10.6.0 || >=11.0.0}
    os: [darwin]

  javascript-stringify@2.1.0:
    resolution: {integrity: sha512-JVAfqNPTvNq3sB/VHQJAFxN/sPgKnsKrCwyRt15zwNCdrMMJDdcEOdubuy+DuJYYdm0ox1J4uzEuYKkN+9yhVg==}

  jiti@2.6.1:
    resolution: {integrity: sha512-ekilCSN1jwRvIbgeg/57YFh8qQDNbwDb9xT/qu2DAHbFFZUicIl4ygVaAvzveMhMVr3LnpSKTNnwt8PoOfmKhQ==}
    hasBin: true

  js-tokens@4.0.0:
    resolution: {integrity: sha512-RdJUflcE3cUzKiMqQgsCu06FPu9UdIJO0beYbPhHN4k6apgJtifcoCtT9bcxOpYBtpD2kCM6Sbzg4CausW/PKQ==}

  magic-string@0.30.21:
    resolution: {integrity: sha512-vd2F4YUyEXKGcLHoq+TEyCjxueSeHnFxyyjNp80yg0XV4vUhnDer/lvvlqM/arB5bXQN5K2/3oinyCRyx8T2CQ==}

  nano-staged@0.9.0:
    resolution: {integrity: sha512-0JfyX4i0Vp5HhC9RDtJ1kp7psz8CFuS3Gya3Z6WZv//QCwA9dPzi1S803VdR0c0P6R7sSvweZ5mSJmYQ/N+loQ==}
    engines: {node: ^12.20.0 || ^14.13.1 || >=16.0.0}
    hasBin: true

  picocolors@1.1.1:
    resolution: {integrity: sha512-xceH2snhtb5M9liqDsmEw56le376mTZkEX/jEb/RxNFyegNul7eNslCXP9FDj/Lcu0X8KEyMceP2ntpaHrDEVA==}

  playwright-core@1.58.1:
    resolution: {integrity: sha512-bcWzOaTxcW+VOOGBCQgnaKToLJ65d6AqfLVKEWvexyS3AS6rbXl+xdpYRMGSRBClPvyj44njOWoxjNdL/H9UNg==}
    engines: {node: '>=18'}
    hasBin: true

  playwright@1.58.1:
    resolution: {integrity: sha512-+2uTZHxSCcxjvGc5C891LrS1/NlxglGxzrC4seZiVjcYVQfUa87wBL6rTDqzGjuoWNjnBzRqKmF6zRYGMvQUaQ==}
    engines: {node: '>=18'}
    hasBin: true

  prebundle@1.6.2:
    resolution: {integrity: sha512-LQBxHze1WbN9wn1aEend5nRWU0Ae3UvrXJqRPsi6GGJtQcd21KviUZCVul3EYv73CRL3ts9Vlg9Hg+XibeyTlQ==}
    hasBin: true

  prettier@3.8.1:
    resolution: {integrity: sha512-UOnG6LftzbdaHZcKoPFtOcCKztrQ57WkHDeRD9t/PTQtmT0NHSeWWepj6pS0z/N7+08BHFDQVUrfmfMRcZwbMg==}
    engines: {node: '>=14'}
    hasBin: true

  rollup-plugin-dts@6.3.0:
    resolution: {integrity: sha512-d0UrqxYd8KyZ6i3M2Nx7WOMy708qsV/7fTHMHxCMCBOAe3V/U7OMPu5GkX8hC+cmkHhzGnfeYongl1IgiooddA==}
    engines: {node: '>=16'}
    peerDependencies:
      rollup: ^3.29.4 || ^4
      typescript: ^4.5 || ^5.0

  rollup@4.53.3:
    resolution: {integrity: sha512-w8GmOxZfBmKknvdXU1sdM9NHcoQejwF/4mNgj2JuEEdRaHwwF12K7e9eXn1nLZ07ad+du76mkVsyeb2rKGllsA==}
    engines: {node: '>=18.0.0', npm: '>=8.0.0'}
    hasBin: true

  rsbuild-plugin-dts@0.19.4:
    resolution: {integrity: sha512-IDJsg3m9ZT/Jm5RU2e8Hits8b3vI2OWdCKxkly5uDB2owXGWAaswEy3H6uTR9GhnJlQGzvfOTxwy3JQeltiLqQ==}
    engines: {node: '>=18.12.0'}
    peerDependencies:
      '@microsoft/api-extractor': ^7
      '@rsbuild/core': 1.x
      '@typescript/native-preview': 7.x
      typescript: ^5
    peerDependenciesMeta:
      '@microsoft/api-extractor':
        optional: true
      '@typescript/native-preview':
        optional: true
      typescript:
        optional: true

  simple-git-hooks@2.13.1:
    resolution: {integrity: sha512-WszCLXwT4h2k1ufIXAgsbiTOazqqevFCIncOuUBZJ91DdvWcC5+OFkluWRQPrcuSYd8fjq+o2y1QfWqYMoAToQ==}
    hasBin: true

  source-map-support@0.5.21:
    resolution: {integrity: sha512-uBHU3L3czsIyYXKX88fdrGovxdSCoTGDRZ6SYXtSRxLZUzHg5P/66Ht6uoUlHu9EZod+inXhKo3qQgwXUT/y1w==}

  source-map@0.6.1:
    resolution: {integrity: sha512-UjgapumWlbMhkBgzT7Ykc5YXUT46F0iKu8SGXq0bcwP5dz/h0Plj6enJqjz1Zbq2l5WaqYnrVbwWOWMyF3F47g==}
    engines: {node: '>=0.10.0'}

  terser@5.46.0:
    resolution: {integrity: sha512-jTwoImyr/QbOWFFso3YoU3ik0jBBDJ6JTOQiy/J2YxVJdZCc+5u7skhNwiOR3FQIygFqVUPHl7qbbxtjW2K3Qg==}
    engines: {node: '>=10'}
    hasBin: true

  tslib@2.8.1:
    resolution: {integrity: sha512-oJFu94HQb+KVduSUQL7wnpmqnfmLsOA/nAh6b6EH0wCEoK0/mPeXU6c3wKDV83MkOuHPRHtSXKKU99IBazS/2w==}

  typescript@5.9.3:
    resolution: {integrity: sha512-jl1vZzPDinLr9eUt3J/t7V6FgNEw9QjvBPdysz9KfQDD41fQrC2Y4vKQdiaUpFT4bXlb1RHhLpp8wtm6M5TgSw==}
    engines: {node: '>=14.17'}
    hasBin: true

  undici-types@7.16.0:
    resolution: {integrity: sha512-Zz+aZWSj8LE6zoxD+xrjh4VfkIG8Ya6LvYkZqtUQGJPZjYl53ypCaUwWqo7eI0x66KBGeRo+mlBEkMSeSZ38Nw==}

  yaml-loader@0.9.0:
    resolution: {integrity: sha512-N0bPfDR42qCruELfmpF6Q8XnDu1elTULGjvVn7u6rsfDa8WhlmJbjXQRh+x5TGmpOqw8R9qfiUgc3aKP+8Hd4w==}
    engines: {node: '>= 20'}

  yaml@2.4.1:
    resolution: {integrity: sha512-pIXzoImaqmfOrL7teGUBt/T7ZDnyeGBWyXQBvOVhLkWLN37GXv8NMLK406UY6dS51JfcQHsmcW5cJ441bHg6Lg==}
    engines: {node: '>= 14'}
    hasBin: true

snapshots:

  '@ast-grep/napi-darwin-arm64@0.37.0':
    optional: true

  '@ast-grep/napi-darwin-x64@0.37.0':
    optional: true

  '@ast-grep/napi-linux-arm64-gnu@0.37.0':
    optional: true

  '@ast-grep/napi-linux-arm64-musl@0.37.0':
    optional: true

  '@ast-grep/napi-linux-x64-gnu@0.37.0':
    optional: true

  '@ast-grep/napi-linux-x64-musl@0.37.0':
    optional: true

  '@ast-grep/napi-win32-arm64-msvc@0.37.0':
    optional: true

  '@ast-grep/napi-win32-ia32-msvc@0.37.0':
    optional: true

  '@ast-grep/napi-win32-x64-msvc@0.37.0':
    optional: true

  '@ast-grep/napi@0.37.0':
    optionalDependencies:
      '@ast-grep/napi-darwin-arm64': 0.37.0
      '@ast-grep/napi-darwin-x64': 0.37.0
      '@ast-grep/napi-linux-arm64-gnu': 0.37.0
      '@ast-grep/napi-linux-arm64-musl': 0.37.0
      '@ast-grep/napi-linux-x64-gnu': 0.37.0
      '@ast-grep/napi-linux-x64-musl': 0.37.0
      '@ast-grep/napi-win32-arm64-msvc': 0.37.0
      '@ast-grep/napi-win32-ia32-msvc': 0.37.0
      '@ast-grep/napi-win32-x64-msvc': 0.37.0

  '@babel/code-frame@7.27.1':
    dependencies:
      '@babel/helper-validator-identifier': 7.27.1
      js-tokens: 4.0.0
      picocolors: 1.1.1
    optional: true

  '@babel/helper-validator-identifier@7.27.1':
    optional: true

  '@biomejs/biome@1.9.4':
    optionalDependencies:
      '@biomejs/cli-darwin-arm64': 1.9.4
      '@biomejs/cli-darwin-x64': 1.9.4
      '@biomejs/cli-linux-arm64': 1.9.4
      '@biomejs/cli-linux-arm64-musl': 1.9.4
      '@biomejs/cli-linux-x64': 1.9.4
      '@biomejs/cli-linux-x64-musl': 1.9.4
      '@biomejs/cli-win32-arm64': 1.9.4
      '@biomejs/cli-win32-x64': 1.9.4

  '@biomejs/cli-darwin-arm64@1.9.4':
    optional: true

  '@biomejs/cli-darwin-x64@1.9.4':
    optional: true

  '@biomejs/cli-linux-arm64-musl@1.9.4':
    optional: true

  '@biomejs/cli-linux-arm64@1.9.4':
    optional: true

  '@biomejs/cli-linux-x64-musl@1.9.4':
    optional: true

  '@biomejs/cli-linux-x64@1.9.4':
    optional: true

  '@biomejs/cli-win32-arm64@1.9.4':
    optional: true

  '@biomejs/cli-win32-x64@1.9.4':
    optional: true

  '@emnapi/core@1.5.0':
    dependencies:
      '@emnapi/wasi-threads': 1.1.0
      tslib: 2.8.1
    optional: true

  '@emnapi/runtime@1.5.0':
    dependencies:
      tslib: 2.8.1
    optional: true

  '@emnapi/wasi-threads@1.1.0':
    dependencies:
      tslib: 2.8.1
    optional: true

  '@jridgewell/gen-mapping@0.3.5':
    dependencies:
      '@jridgewell/set-array': 1.2.1
      '@jridgewell/sourcemap-codec': 1.5.0
      '@jridgewell/trace-mapping': 0.3.25

  '@jridgewell/resolve-uri@3.1.2': {}

  '@jridgewell/set-array@1.2.1': {}

  '@jridgewell/source-map@0.3.6':
    dependencies:
      '@jridgewell/gen-mapping': 0.3.5
      '@jridgewell/trace-mapping': 0.3.25

  '@jridgewell/sourcemap-codec@1.5.0': {}

  '@jridgewell/sourcemap-codec@1.5.5': {}

  '@jridgewell/trace-mapping@0.3.25':
    dependencies:
      '@jridgewell/resolve-uri': 3.1.2
      '@jridgewell/sourcemap-codec': 1.5.0

  '@module-federation/error-codes@0.22.0': {}

  '@module-federation/runtime-core@0.22.0':
    dependencies:
      '@module-federation/error-codes': 0.22.0
      '@module-federation/sdk': 0.22.0

  '@module-federation/runtime-tools@0.22.0':
    dependencies:
      '@module-federation/runtime': 0.22.0
      '@module-federation/webpack-bundler-runtime': 0.22.0

  '@module-federation/runtime@0.22.0':
    dependencies:
      '@module-federation/error-codes': 0.22.0
      '@module-federation/runtime-core': 0.22.0
      '@module-federation/sdk': 0.22.0

  '@module-federation/sdk@0.22.0': {}

  '@module-federation/webpack-bundler-runtime@0.22.0':
    dependencies:
      '@module-federation/runtime': 0.22.0
      '@module-federation/sdk': 0.22.0

  '@napi-rs/wasm-runtime@1.0.7':
    dependencies:
      '@emnapi/core': 1.5.0
      '@emnapi/runtime': 1.5.0
      '@tybys/wasm-util': 0.10.1
    optional: true

  '@playwright/test@1.58.1':
    dependencies:
      playwright: 1.58.1

  '@rollup/rollup-android-arm-eabi@4.53.3':
    optional: true

  '@rollup/rollup-android-arm64@4.53.3':
    optional: true

  '@rollup/rollup-darwin-arm64@4.53.3':
    optional: true

  '@rollup/rollup-darwin-x64@4.53.3':
    optional: true

  '@rollup/rollup-freebsd-arm64@4.53.3':
    optional: true

  '@rollup/rollup-freebsd-x64@4.53.3':
    optional: true

  '@rollup/rollup-linux-arm-gnueabihf@4.53.3':
    optional: true

  '@rollup/rollup-linux-arm-musleabihf@4.53.3':
    optional: true

  '@rollup/rollup-linux-arm64-gnu@4.53.3':
    optional: true

  '@rollup/rollup-linux-arm64-musl@4.53.3':
    optional: true

  '@rollup/rollup-linux-loong64-gnu@4.53.3':
    optional: true

  '@rollup/rollup-linux-ppc64-gnu@4.53.3':
    optional: true

  '@rollup/rollup-linux-riscv64-gnu@4.53.3':
    optional: true

  '@rollup/rollup-linux-riscv64-musl@4.53.3':
    optional: true

  '@rollup/rollup-linux-s390x-gnu@4.53.3':
    optional: true

  '@rollup/rollup-linux-x64-gnu@4.53.3':
    optional: true

  '@rollup/rollup-linux-x64-musl@4.53.3':
    optional: true

  '@rollup/rollup-openharmony-arm64@4.53.3':
    optional: true

  '@rollup/rollup-win32-arm64-msvc@4.53.3':
    optional: true

  '@rollup/rollup-win32-ia32-msvc@4.53.3':
    optional: true

  '@rollup/rollup-win32-x64-gnu@4.53.3':
    optional: true

  '@rollup/rollup-win32-x64-msvc@4.53.3':
    optional: true

  '@rsbuild/core@1.7.2':
    dependencies:
      '@rspack/core': 1.7.4(@swc/helpers@0.5.18)
      '@rspack/lite-tapable': 1.1.0
      '@swc/helpers': 0.5.18
      core-js: 3.47.0
      jiti: 2.6.1

  '@rslib/core@0.19.4(typescript@5.9.3)':
    dependencies:
      '@rsbuild/core': 1.7.2
      rsbuild-plugin-dts: 0.19.4(@rsbuild/core@1.7.2)(typescript@5.9.3)
    optionalDependencies:
      typescript: 5.9.3
    transitivePeerDependencies:
      - '@typescript/native-preview'

  '@rspack/binding-darwin-arm64@1.7.4':
    optional: true

  '@rspack/binding-darwin-x64@1.7.4':
    optional: true

  '@rspack/binding-linux-arm64-gnu@1.7.4':
    optional: true

  '@rspack/binding-linux-arm64-musl@1.7.4':
    optional: true

  '@rspack/binding-linux-x64-gnu@1.7.4':
    optional: true

  '@rspack/binding-linux-x64-musl@1.7.4':
    optional: true

  '@rspack/binding-wasm32-wasi@1.7.4':
    dependencies:
      '@napi-rs/wasm-runtime': 1.0.7
    optional: true

  '@rspack/binding-win32-arm64-msvc@1.7.4':
    optional: true

  '@rspack/binding-win32-ia32-msvc@1.7.4':
    optional: true

  '@rspack/binding-win32-x64-msvc@1.7.4':
    optional: true

  '@rspack/binding@1.7.4':
    optionalDependencies:
      '@rspack/binding-darwin-arm64': 1.7.4
      '@rspack/binding-darwin-x64': 1.7.4
      '@rspack/binding-linux-arm64-gnu': 1.7.4
      '@rspack/binding-linux-arm64-musl': 1.7.4
      '@rspack/binding-linux-x64-gnu': 1.7.4
      '@rspack/binding-linux-x64-musl': 1.7.4
      '@rspack/binding-wasm32-wasi': 1.7.4
      '@rspack/binding-win32-arm64-msvc': 1.7.4
      '@rspack/binding-win32-ia32-msvc': 1.7.4
      '@rspack/binding-win32-x64-msvc': 1.7.4

  '@rspack/core@1.7.4(@swc/helpers@0.5.18)':
    dependencies:
      '@module-federation/runtime-tools': 0.22.0
      '@rspack/binding': 1.7.4
      '@rspack/lite-tapable': 1.1.0
    optionalDependencies:
      '@swc/helpers': 0.5.18

  '@rspack/lite-tapable@1.1.0': {}

  '@swc/helpers@0.5.18':
    dependencies:
      tslib: 2.8.1

  '@tybys/wasm-util@0.10.1':
    dependencies:
      tslib: 2.8.1
    optional: true

  '@types/estree@1.0.8': {}

  '@types/node@24.10.9':
    dependencies:
      undici-types: 7.16.0

  '@vercel/ncc@0.38.4': {}

  acorn@8.15.0: {}

  buffer-from@1.1.2: {}

  cac@6.7.14: {}

  commander@2.20.3: {}

  core-js@3.47.0: {}

  fsevents@2.3.2:
    optional: true

  fsevents@2.3.3:
    optional: true

  javascript-stringify@2.1.0: {}

  jiti@2.6.1: {}

  js-tokens@4.0.0:
    optional: true

  magic-string@0.30.21:
    dependencies:
      '@jridgewell/sourcemap-codec': 1.5.5

  nano-staged@0.9.0:
    dependencies:
      picocolors: 1.1.1

  picocolors@1.1.1: {}

  playwright-core@1.58.1: {}

  playwright@1.58.1:
    dependencies:
      playwright-core: 1.58.1
    optionalDependencies:
      fsevents: 2.3.2

  prebundle@1.6.2(typescript@5.9.3):
    dependencies:
      '@vercel/ncc': 0.38.4
      cac: 6.7.14
      prettier: 3.8.1
      rollup: 4.53.3
      rollup-plugin-dts: 6.3.0(rollup@4.53.3)(typescript@5.9.3)
      terser: 5.46.0
    transitivePeerDependencies:
      - typescript

  prettier@3.8.1: {}

  rollup-plugin-dts@6.3.0(rollup@4.53.3)(typescript@5.9.3):
    dependencies:
      magic-string: 0.30.21
      rollup: 4.53.3
      typescript: 5.9.3
    optionalDependencies:
      '@babel/code-frame': 7.27.1

  rollup@4.53.3:
    dependencies:
      '@types/estree': 1.0.8
    optionalDependencies:
      '@rollup/rollup-android-arm-eabi': 4.53.3
      '@rollup/rollup-android-arm64': 4.53.3
      '@rollup/rollup-darwin-arm64': 4.53.3
      '@rollup/rollup-darwin-x64': 4.53.3
      '@rollup/rollup-freebsd-arm64': 4.53.3
      '@rollup/rollup-freebsd-x64': 4.53.3
      '@rollup/rollup-linux-arm-gnueabihf': 4.53.3
      '@rollup/rollup-linux-arm-musleabihf': 4.53.3
      '@rollup/rollup-linux-arm64-gnu': 4.53.3
      '@rollup/rollup-linux-arm64-musl': 4.53.3
      '@rollup/rollup-linux-loong64-gnu': 4.53.3
      '@rollup/rollup-linux-ppc64-gnu': 4.53.3
      '@rollup/rollup-linux-riscv64-gnu': 4.53.3
      '@rollup/rollup-linux-riscv64-musl': 4.53.3
      '@rollup/rollup-linux-s390x-gnu': 4.53.3
      '@rollup/rollup-linux-x64-gnu': 4.53.3
      '@rollup/rollup-linux-x64-musl': 4.53.3
      '@rollup/rollup-openharmony-arm64': 4.53.3
      '@rollup/rollup-win32-arm64-msvc': 4.53.3
      '@rollup/rollup-win32-ia32-msvc': 4.53.3
      '@rollup/rollup-win32-x64-gnu': 4.53.3
      '@rollup/rollup-win32-x64-msvc': 4.53.3
      fsevents: 2.3.3

  rsbuild-plugin-dts@0.19.4(@rsbuild/core@1.7.2)(typescript@5.9.3):
    dependencies:
      '@ast-grep/napi': 0.37.0
      '@rsbuild/core': 1.7.2
    optionalDependencies:
      typescript: 5.9.3

  simple-git-hooks@2.13.1: {}

  source-map-support@0.5.21:
    dependencies:
      buffer-from: 1.1.2
      source-map: 0.6.1

  source-map@0.6.1: {}

  terser@5.46.0:
    dependencies:
      '@jridgewell/source-map': 0.3.6
      acorn: 8.15.0
      commander: 2.20.3
      source-map-support: 0.5.21

  tslib@2.8.1: {}

  typescript@5.9.3: {}

  undici-types@7.16.0: {}

  yaml-loader@0.9.0:
    dependencies:
      javascript-stringify: 2.1.0
      yaml: 2.4.1

  yaml@2.4.1: {}
